// !$*UTF8*$!
{
	archiveVersion = 1;
	classes = {
	};
	objectVersion = 46;
	objects = {

/* Begin PBXBuildFile section */
		DF3967841FB32D0D005B6741 /* AppDelegate.swift in Sources */ = {isa = PBXBuildFile; fileRef = DF3967831FB32D0D005B6741 /* AppDelegate.swift */; };
		DF3967861FB32D0D005B6741 /* ViewController.swift in Sources */ = {isa = PBXBuildFile; fileRef = DF3967851FB32D0D005B6741 /* ViewController.swift */; };
		DF3967891FB32D0D005B6741 /* Main.storyboard in Resources */ = {isa = PBXBuildFile; fileRef = DF3967871FB32D0D005B6741 /* Main.storyboard */; };
		DF39678B1FB32D0D005B6741 /* Assets.xcassets in Resources */ = {isa = PBXBuildFile; fileRef = DF39678A1FB32D0D005B6741 /* Assets.xcassets */; };
		DF39678E1FB32D0D005B6741 /* LaunchScreen.storyboard in Resources */ = {isa = PBXBuildFile; fileRef = DF39678C1FB32D0D005B6741 /* LaunchScreen.storyboard */; };
/* End PBXBuildFile section */

/* Begin PBXFileReference section */
		DF3967801FB32D0D005B6741 /* douyuZB.app */ = {isa = PBXFileReference; explicitFileType = wrapper.application; includeInIndex = 0; path = douyuZB.app; sourceTree = BUILT_PRODUCTS_DIR; };
		DF3967831FB32D0D005B6741 /* AppDelegate.swift */ = {isa = PBXFileReference; lastKnownFileType = sourcecode.swift; path = AppDelegate.swift; sourceTree = "<group>"; };
		DF3967851FB32D0D005B6741 /* ViewController.swift */ = {isa = PBXFileReference; lastKnownFileType = sourcecode.swift; path = ViewController.swift; sourceTree = "<group>"; };
		DF3967881FB32D0D005B6741 /* Base */ = {isa = PBXFileReference; lastKnownFileType = file.storyboard; name = Base; path = Base.lproj/Main.storyboard; sourceTree = "<group>"; };
		DF39678A1FB32D0D005B6741 /* Assets.xcassets */ = {isa = PBXFileReference; lastKnownFileType = folder.assetcatalog; path = Assets.xcassets; sourceTree = "<group>"; };
		DF39678D1FB32D0D005B6741 /* Base */ = {isa = PBXFileReference; lastKnownFileType = file.storyboard; name = Base; path = Base.lproj/LaunchScreen.storyboard; sourceTree = "<group>"; };
		DF39678F1FB32D0D005B6741 /* Info.plist */ = {isa = PBXFileReference; lastKnownFileType = text.plist.xml; path = Info.plist; sourceTree = "<group>"; };
/* End PBXFileReference section */

/* Begin PBXFrameworksBuildPhase section */
		DF39677D1FB32D0D005B6741 /* Frameworks */ = {
			isa = PBXFrameworksBuildPhase;
			buildActionMask = 2147483647;
			files = (
			);
			runOnlyForDeploymentPostprocessing = 0;
		};
/* End PBXFrameworksBuildPhase section */

/* Begin PBXGroup section */
		DF3967771FB32D0D005B6741 = {
			isa = PBXGroup;
			children = (
				DF3967821FB32D0D005B6741 /* douyuZB */,
				DF3967811FB32D0D005B6741 /* Products */,
			);
			sourceTree = "<group>";
		};
		DF3967811FB32D0D005B6741 /* Products */ = {
			isa = PBXGroup;
			children = (
				DF3967801FB32D0D005B6741 /* douyuZB.app */,
			);
			name = Products;
			sourceTree = "<group>";
		};
		DF3967821FB32D0D005B6741 /* douyuZB */ = {
			isa = PBXGroup;
			children = (
				DF3967831FB32D0D005B6741 /* AppDelegate.swift */,
				DF3967851FB32D0D005B6741 /* ViewController.swift */,
				DF3967871FB32D0D005B6741 /* Main.storyboard */,
				DF39678A1FB32D0D005B6741 /* Assets.xcassets */,
				DF39678C1FB32D0D005B6741 /* LaunchScreen.storyboard */,
				DF39678F1FB32D0D005B6741 /* Info.plist */,
			);
			path = douyuZB;
			sourceTree = "<group>";
		};
/* End PBXGroup section */

/* Begin PBXNativeTarget section */
		DF39677F1FB32D0D005B6741 /* douyuZB */ = {
			isa = PBXNativeTarget;
			buildConfigurationList = DF3967921FB32D0D005B6741 /* Build configuration list for PBXNativeTarget "douyuZB" */;
			buildPhases = (
				DF39677C1FB32D0D005B6741 /* Sources */,
				DF39677D1FB32D0D005B6741 /* Frameworks */,
				DF39677E1FB32D0D005B6741 /* Resources */,
			);
			buildRules = (
			);
			dependencies = (
			);
			name = douyuZB;
			productName = douyuZB;
			productReference = DF3967801FB32D0D005B6741 /* douyuZB.app */;
			productType = "com.apple.product-type.application";
		};
/* End PBXNativeTarget section */

/* Begin PBXProject section */
		DF3967781FB32D0D005B6741 /* Project object */ = {
			isa = PBXProject;
			attributes = {
				LastSwiftUpdateCheck = 0810;
				LastUpgradeCheck = 0810;
				ORGANIZATIONNAME = NaCho;
				TargetAttributes = {
					DF39677F1FB32D0D005B6741 = {
						CreatedOnToolsVersion = 8.1;
						ProvisioningStyle = Automatic;
					};
				};
			};
			buildConfigurationList = DF39677B1FB32D0D005B6741 /* Build configuration list for PBXProject "douyuZB" */;
			compatibilityVersion = "Xcode 3.2";
			developmentRegion = English;
			hasScannedForEncodings = 0;
			knownRegions = (
				en,
				Base,
			);
			mainGroup = DF3967771FB32D0D005B6741;
			productRefGroup = DF3967811FB32D0D005B6741 /* Products */;
			projectDirPath = "";
			projectRoot = "";
			targets = (
				DF39677F1FB32D0D005B6741 /* douyuZB */,
			);
		};
/* End PBXProject section */

/* Begin PBXResourcesBuildPhase section */
		DF39677E1FB32D0D005B6741 /* Resources */ = {
			isa = PBXResourcesBuildPhase;
			buildActionMask = 2147483647;
			files = (
				DF39678E1FB32D0D005B6741 /* LaunchScreen.storyboard in Resources */,
				DF39678B1FB32D0D005B6741 /* Assets.xcassets in Resources */,
				DF3967891FB32D0D005B6741 /* Main.storyboard in Resources */,
			);
			runOnlyForDeploymentPostprocessing = 0;
		};
/* End PBXResourcesBuildPhase section */

/* Begin PBXSourcesBuildPhase section */
		DF39677C1FB32D0D005B6741 /* Sources */ = {
			isa = PBXSourcesBuildPhase;
			buildActionMask = 2147483647;
			files = (
				DF3967861FB32D0D005B6741 /* ViewController.swift in Sources */,
				DF3967841FB32D0D005B6741 /* AppDelegate.swift in Sources */,
			);
			runOnlyForDeploymentPostprocessing = 0;
		};
/* End PBXSourcesBuildPhase section */

/* Begin PBXVariantGroup section */
		DF3967871FB32D0D005B6741 /* Main.storyboard */ = {
			isa = PBXVariantGroup;
			children = (
				DF3967881FB32D0D005B6741 /* Base */,
			);
			name = Main.storyboard;
			sourceTree = "<group>";
		};
		DF39678C1FB32D0D005B6741 /* LaunchScreen.storyboard */ = {
			isa = PBXVariantGroup;
			children = (
				DF39678D1FB32D0D005B6741 /* Base */,
			);
			name = LaunchScreen.storyboard;
			sourceTree = "<group>";
		};
/* End PBXVariantGroup section */

/* Begin XCBuildConfiguration section */
		DF3967901FB32D0D005B6741 /* Debug */ = {
			isa = XCBuildConfiguration;
			buildSettings = {
				ALWAYS_SEARCH_USER_PATHS = NO;
				CLANG_ANALYZER_NONNULL = YES;
				CLANG_CXX_LANGUAGE_STANDARD = "gnu++0x";
				CLANG_CXX_LIBRARY = "libc++";
				CLANG_ENABLE_MODULES = YES;
				CLANG_ENABLE_OBJC_ARC = YES;
				CLANG_WARN_BOOL_CONVERSION = YES;
				CLANG_WARN_CONSTANT_CONVERSION = YES;
				CLANG_WARN_DIRECT_OBJC_ISA_USAGE = YES_ERROR;
				CLANG_WARN_DOCUMENTATION_COMMENTS = YES;
				CLANG_WARN_EMPTY_BODY = YES;
				CLANG_WARN_ENUM_CONVERSION = YES;
				CLANG_WARN_INFINITE_RECURSION = YES;
				CLANG_WARN_INT_CONVERSION = YES;
				CLANG_WARN_OBJC_ROOT_CLASS = YES_ERROR;
				CLANG_WARN_SUSPICIOUS_MOVES = YES;
				CLANG_WARN_UNREACHABLE_CODE = YES;
				CLANG_WARN__DUPLICATE_METHOD_MATCH = YES;
				"CODE_SIGN_IDENTITY[sdk=iphoneos*]" = "iPhone Developer";
				COPY_PHASE_STRIP = NO;
				DEBUG_INFORMATION_FORMAT = dwarf;
				ENABLE_STRICT_OBJC_MSGSEND = YES;
				ENABLE_TESTABILITY = YES;
				GCC_C_LANGUAGE_STANDARD = gnu99;
				GCC_DYNAMIC_NO_PIC = NO;
				GCC_NO_COMMON_BLOCKS = YES;
				GCC_OPTIMIZATION_LEVEL = 0;
				GCC_PREPROCESSOR_DEFINITIONS = (
					"DEBUG=1",
					"$(inherited)",
				);
				GCC_WARN_64_TO_32_BIT_CONVERSION = YES;
				GCC_WARN_ABOUT_RETURN_TYPE = YES_ERROR;
				GCC_WARN_UNDECLARED_SELECTOR = YES;
				GCC_WARN_UNINITIALIZED_AUTOS = YES_AGGRESSIVE;
				GCC_WARN_UNUSED_FUNCTION = YES;
				GCC_WARN_UNUSED_VARIABLE = YES;
				IPHONEOS_DEPLOYMENT_TARGET = 10.1;
				MTL_ENABLE_DEBUG_INFO = YES;
				ONLY_ACTIVE_ARCH = YES;
				SDKROOT = iphoneos;
				SWIFT_ACTIVE_COMPILATION_CONDITIONS = DEBUG;
				SWIFT_OPTIMIZATION_LEVEL = "-Onone";
			};
			name = Debug;
		};
		DF3967911FB32D0D005B6741 /* Release */ = {
			isa = XCBuildConfiguration;
			buildSettings = {
				ALWAYS_SEARCH_USER_PATHS = NO;
				CLANG_ANALYZER_NONNULL = YES;
				CLANG_CXX_LANGUAGE_STANDARD = "gnu++0x";
				CLANG_CXX_LIBRARY = "libc++";
				CLANG_ENABLE_MODULES = YES;
				CLANG_ENABLE_OBJC_ARC = YES;
				CLANG_WARN_BOOL_CONVERSION = YES;
				CLANG_WARN_CONSTANT_CONVERSION = YES;
				CLANG_WARN_DIRECT_OBJC_ISA_USAGE = YES_ERROR;
				CLANG_WARN_DOCUMENTATION_COMMENTS = YES;
				CLANG_WARN_EMPTY_BODY = YES;
				CLANG_WARN_ENUM_CONVERSION = YES;
				CLANG_WARN_INFINITE_RECURSION = YES;
				CLANG_WARN_INT_CONVERSION = YES;
				CLANG_WARN_OBJC_ROOT_CLASS = YES_ERROR;
				CLANG_WARN_SUSPICIOUS_MOVES = YES;
				CLANG_WARN_UNREACHABLE_CODE = YES;
				CLANG_WARN__DUPLICATE_METHOD_MATCH = YES;
				"CODE_SIGN_IDENTITY[sdk=iphoneos*]" = "iPhone Developer";
				COPY_PHASE_STRIP = NO;
				DEBUG_INFORMATION_FORMAT = "dwarf-with-dsym";
				ENABLE_NS_ASSERTIONS = NO;
				ENABLE_STRICT_OBJC_MSGSEND = YES;
				GCC_C_LANGUAGE_STANDARD = gnu99;
				GCC_NO_COMMON_BLOCKS = YES;
				GCC_WARN_64_TO_32_BIT_CONVERSION = YES;
				GCC_WARN_ABOUT_RETURN_TYPE = YES_ERROR;
				GCC_WARN_UNDECLARED_SELECTOR = YES;
				GCC_WARN_UNINITIALIZED_AUTOS = YES_AGGRESSIVE;
				GCC_WARN_UNUSED_FUNCTION = YES;
				GCC_WARN_UNUSED_VARIABLE = YES;
				IPHONEOS_DEPLOYMENT_TARGET = 10.1;
				MTL_ENABLE_DEBUG_INFO = NO;
				SDKROOT = iphoneos;
				SWIFT_OPTIMIZATION_LEVEL = "-Owholemodule";
				VALIDATE_PRODUCT = YES;
			};
			name = Release;
		};
		DF3967931FB32D0D005B6741 /* Debug */ = {
			isa = XCBuildConfiguration;
			buildSettings = {
				ASSETCATALOG_COMPILER_APPICON_NAME = AppIcon;
				ASSETCATALOG_COMPILER_LAUNCHIMAGE_NAME = LaunchImage;
				INFOPLIST_FILE = douyuZB/Info.plist;
				IPHONEOS_DEPLOYMENT_TARGET = 9.0;
				LD_RUNPATH_SEARCH_PATHS = "$(inherited) @executable_path/Frameworks";
				PRODUCT_BUNDLE_IDENTIFIER = com.apress.learnc.douyuZB;
				PRODUCT_NAME = "$(TARGET_NAME)";
				SWIFT_VERSION = 3.0;
			};
			name = Debug;
		};
		DF3967941FB32D0D005B6741 /* Release */ = {
			isa = XCBuildConfiguration;
			buildSettings = {
				ASSETCATALOG_COMPILER_APPICON_NAME = AppIcon;
				ASSETCATALOG_COMPILER_LAUNCHIMAGE_NAME = LaunchImage;
				INFOPLIST_FILE = douyuZB/Info.plist;
				IPHONEOS_DEPLOYMENT_TARGET = 9.0;
				LD_RUNPATH_SEARCH_PATHS = "$(inherited) @executable_path/Frameworks";
				PRODUCT_BUNDLE_IDENTIFIER = com.apress.learnc.douyuZB;
				PRODUCT_NAME = "$(TARGET_NAME)";
				SWIFT_VERSION = 3.0;
			};
			name = Release;
		};
/* End XCBuildConfiguration section */

/* Begin XCConfigurationList section */
		DF39677B1FB32D0D005B6741 /* Build configuration list for PBXProject "douyuZB" */ = {
			isa = XCConfigurationList;
			buildConfigurations = (
				DF3967901FB32D0D005B6741 /* Debug */,
				DF3967911FB32D0D005B6741 /* Release */,
			);
			defaultConfigurationIsVisible = 0;
			defaultConfigurationName = Release;
		};
		DF3967921FB32D0D005B6741 /* Build configuration list for PBXNativeTarget "douyuZB" */ = {
			isa = XCConfigurationList;
			buildConfigurations = (
				DF3967931FB32D0D005B6741 /* Debug */,
				DF3967941FB32D0D005B6741 /* Release */,
			);
			defaultConfigurationIsVisible = 0;
			defaultConfigurationName = Release;
		};
/* End XCConfigurationList section */
	};
	rootObject = DF3967781FB32D0D005B6741 /* Project object */;
}
